// !$*UTF8*$!
{
	archiveVersion = 1;
	classes = {
	};
	objectVersion = 50;
	objects = {

/* Begin PBXBuildFile section */
		8B12E81A24479CFF00E72E77 /* OrderCellView.swift in Sources */ = {isa = PBXBuildFile; fileRef = 8B12E81924479CFF00E72E77 /* OrderCellView.swift */; };
		8BECBD932440BEEE00CD111A /* AppDelegate.swift in Sources */ = {isa = PBXBuildFile; fileRef = 8BECBD922440BEEE00CD111A /* AppDelegate.swift */; };
		8BECBD952440BEEE00CD111A /* SceneDelegate.swift in Sources */ = {isa = PBXBuildFile; fileRef = 8BECBD942440BEEE00CD111A /* SceneDelegate.swift */; };
		8BECBD972440BEEE00CD111A /* ContentView.swift in Sources */ = {isa = PBXBuildFile; fileRef = 8BECBD962440BEEE00CD111A /* ContentView.swift */; };
		8BECBD992440BEF100CD111A /* Assets.xcassets in Resources */ = {isa = PBXBuildFile; fileRef = 8BECBD982440BEF100CD111A /* Assets.xcassets */; };
		8BECBD9C2440BEF100CD111A /* Preview Assets.xcassets in Resources */ = {isa = PBXBuildFile; fileRef = 8BECBD9B2440BEF100CD111A /* Preview Assets.xcassets */; };
		8BECBD9F2440BEF100CD111A /* LaunchScreen.storyboard in Resources */ = {isa = PBXBuildFile; fileRef = 8BECBD9D2440BEF100CD111A /* LaunchScreen.storyboard */; };
		8BECBDAA2440BEF100CD111A /* CoffeeOrderingAppTests.swift in Sources */ = {isa = PBXBuildFile; fileRef = 8BECBDA92440BEF100CD111A /* CoffeeOrderingAppTests.swift */; };
		8BECBDB52440BEF100CD111A /* CoffeeOrderingAppUITests.swift in Sources */ = {isa = PBXBuildFile; fileRef = 8BECBDB42440BEF100CD111A /* CoffeeOrderingAppUITests.swift */; };
		8BECBDC42440BF0C00CD111A /* Cofee.swift in Sources */ = {isa = PBXBuildFile; fileRef = 8BECBDC32440BF0C00CD111A /* Cofee.swift */; };
		8BECBDC62440BFD200CD111A /* Order.swift in Sources */ = {isa = PBXBuildFile; fileRef = 8BECBDC52440BFD200CD111A /* Order.swift */; };
		8BECBDC92440C07600CD111A /* WebService.swift in Sources */ = {isa = PBXBuildFile; fileRef = 8BECBDC82440C07600CD111A /* WebService.swift */; };
		8BECBDCC2440C2B800CD111A /* OrderListViewModel.swift in Sources */ = {isa = PBXBuildFile; fileRef = 8BECBDCB2440C2B800CD111A /* OrderListViewModel.swift */; };
		8BECBDCF2440C52200CD111A /* OrderListView.swift in Sources */ = {isa = PBXBuildFile; fileRef = 8BECBDCE2440C52200CD111A /* OrderListView.swift */; };
		8BECBDD12440CB2A00CD111A /* CreateOrderResponse.swift in Sources */ = {isa = PBXBuildFile; fileRef = 8BECBDD02440CB2A00CD111A /* CreateOrderResponse.swift */; };
		8BECBDD32440CD8300CD111A /* AddCoffeeOrderViewModel.swift in Sources */ = {isa = PBXBuildFile; fileRef = 8BECBDD22440CD8300CD111A /* AddCoffeeOrderViewModel.swift */; };
		8BECBDD52440CE3C00CD111A /* CoffeeViewModel.swift in Sources */ = {isa = PBXBuildFile; fileRef = 8BECBDD42440CE3C00CD111A /* CoffeeViewModel.swift */; };
		8BECBDD72440D14100CD111A /* AddCoffeeOrderView.swift in Sources */ = {isa = PBXBuildFile; fileRef = 8BECBDD62440D14100CD111A /* AddCoffeeOrderView.swift */; };
		8BECBDD92441005900CD111A /* OrderTotalView.swift in Sources */ = {isa = PBXBuildFile; fileRef = 8BECBDD82441005900CD111A /* OrderTotalView.swift */; };
/* End PBXBuildFile section */

/* Begin PBXContainerItemProxy section */
		8BECBDA62440BEF100CD111A /* PBXContainerItemProxy */ = {
			isa = PBXContainerItemProxy;
			containerPortal = 8BECBD872440BEEE00CD111A /* Project object */;
			proxyType = 1;
			remoteGlobalIDString = 8BECBD8E2440BEEE00CD111A;
			remoteInfo = CoffeeOrderingApp;
		};
		8BECBDB12440BEF100CD111A /* PBXContainerItemProxy */ = {
			isa = PBXContainerItemProxy;
			containerPortal = 8BECBD872440BEEE00CD111A /* Project object */;
			proxyType = 1;
			remoteGlobalIDString = 8BECBD8E2440BEEE00CD111A;
			remoteInfo = CoffeeOrderingApp;
		};
/* End PBXContainerItemProxy section */

/* Begin PBXFileReference section */
		8B12E81924479CFF00E72E77 /* OrderCellView.swift */ = {isa = PBXFileReference; lastKnownFileType = sourcecode.swift; path = OrderCellView.swift; sourceTree = "<group>"; };
		8BECBD8F2440BEEE00CD111A /* CoffeeOrderingApp.app */ = {isa = PBXFileReference; explicitFileType = wrapper.application; includeInIndex = 0; path = CoffeeOrderingApp.app; sourceTree = BUILT_PRODUCTS_DIR; };
		8BECBD922440BEEE00CD111A /* AppDelegate.swift */ = {isa = PBXFileReference; lastKnownFileType = sourcecode.swift; path = AppDelegate.swift; sourceTree = "<group>"; };
		8BECBD942440BEEE00CD111A /* SceneDelegate.swift */ = {isa = PBXFileReference; lastKnownFileType = sourcecode.swift; path = SceneDelegate.swift; sourceTree = "<group>"; };
		8BECBD962440BEEE00CD111A /* ContentView.swift */ = {isa = PBXFileReference; lastKnownFileType = sourcecode.swift; path = ContentView.swift; sourceTree = "<group>"; };
		8BECBD982440BEF100CD111A /* Assets.xcassets */ = {isa = PBXFileReference; lastKnownFileType = folder.assetcatalog; path = Assets.xcassets; sourceTree = "<group>"; };
		8BECBD9B2440BEF100CD111A /* Preview Assets.xcassets */ = {isa = PBXFileReference; lastKnownFileType = folder.assetcatalog; path = "Preview Assets.xcassets"; sourceTree = "<group>"; };
		8BECBD9E2440BEF100CD111A /* Base */ = {isa = PBXFileReference; lastKnownFileType = file.storyboard; name = Base; path = Base.lproj/LaunchScreen.storyboard; sourceTree = "<group>"; };
		8BECBDA02440BEF100CD111A /* Info.plist */ = {isa = PBXFileReference; lastKnownFileType = text.plist.xml; path = Info.plist; sourceTree = "<group>"; };
		8BECBDA52440BEF100CD111A /* CoffeeOrderingAppTests.xctest */ = {isa = PBXFileReference; explicitFileType = wrapper.cfbundle; includeInIndex = 0; path = CoffeeOrderingAppTests.xctest; sourceTree = BUILT_PRODUCTS_DIR; };
		8BECBDA92440BEF100CD111A /* CoffeeOrderingAppTests.swift */ = {isa = PBXFileReference; lastKnownFileType = sourcecode.swift; path = CoffeeOrderingAppTests.swift; sourceTree = "<group>"; };
		8BECBDAB2440BEF100CD111A /* Info.plist */ = {isa = PBXFileReference; lastKnownFileType = text.plist.xml; path = Info.plist; sourceTree = "<group>"; };
		8BECBDB02440BEF100CD111A /* CoffeeOrderingAppUITests.xctest */ = {isa = PBXFileReference; explicitFileType = wrapper.cfbundle; includeInIndex = 0; path = CoffeeOrderingAppUITests.xctest; sourceTree = BUILT_PRODUCTS_DIR; };
		8BECBDB42440BEF100CD111A /* CoffeeOrderingAppUITests.swift */ = {isa = PBXFileReference; lastKnownFileType = sourcecode.swift; path = CoffeeOrderingAppUITests.swift; sourceTree = "<group>"; };
		8BECBDB62440BEF100CD111A /* Info.plist */ = {isa = PBXFileReference; lastKnownFileType = text.plist.xml; path = Info.plist; sourceTree = "<group>"; };
		8BECBDC32440BF0C00CD111A /* Cofee.swift */ = {isa = PBXFileReference; lastKnownFileType = sourcecode.swift; path = Cofee.swift; sourceTree = "<group>"; };
		8BECBDC52440BFD200CD111A /* Order.swift */ = {isa = PBXFileReference; lastKnownFileType = sourcecode.swift; path = Order.swift; sourceTree = "<group>"; };
		8BECBDC82440C07600CD111A /* WebService.swift */ = {isa = PBXFileReference; lastKnownFileType = sourcecode.swift; path = WebService.swift; sourceTree = "<group>"; };
		8BECBDCB2440C2B800CD111A /* OrderListViewModel.swift */ = {isa = PBXFileReference; lastKnownFileType = sourcecode.swift; path = OrderListViewModel.swift; sourceTree = "<group>"; };
		8BECBDCE2440C52200CD111A /* OrderListView.swift */ = {isa = PBXFileReference; lastKnownFileType = sourcecode.swift; path = OrderListView.swift; sourceTree = "<group>"; };
		8BECBDD02440CB2A00CD111A /* CreateOrderResponse.swift */ = {isa = PBXFileReference; lastKnownFileType = sourcecode.swift; path = CreateOrderResponse.swift; sourceTree = "<group>"; };
		8BECBDD22440CD8300CD111A /* AddCoffeeOrderViewModel.swift */ = {isa = PBXFileReference; lastKnownFileType = sourcecode.swift; path = AddCoffeeOrderViewModel.swift; sourceTree = "<group>"; };
		8BECBDD42440CE3C00CD111A /* CoffeeViewModel.swift */ = {isa = PBXFileReference; lastKnownFileType = sourcecode.swift; path = CoffeeViewModel.swift; sourceTree = "<group>"; };
		8BECBDD62440D14100CD111A /* AddCoffeeOrderView.swift */ = {isa = PBXFileReference; lastKnownFileType = sourcecode.swift; path = AddCoffeeOrderView.swift; sourceTree = "<group>"; };
		8BECBDD82441005900CD111A /* OrderTotalView.swift */ = {isa = PBXFileReference; lastKnownFileType = sourcecode.swift; path = OrderTotalView.swift; sourceTree = "<group>"; };
/* End PBXFileReference section */

/* Begin PBXFrameworksBuildPhase section */
		8BECBD8C2440BEEE00CD111A /* Frameworks */ = {
			isa = PBXFrameworksBuildPhase;
			buildActionMask = 2147483647;
			files = (
			);
			runOnlyForDeploymentPostprocessing = 0;
		};
		8BECBDA22440BEF100CD111A /* Frameworks */ = {
			isa = PBXFrameworksBuildPhase;
			buildActionMask = 2147483647;
			files = (
			);
			runOnlyForDeploymentPostprocessing = 0;
		};
		8BECBDAD2440BEF100CD111A /* Frameworks */ = {
			isa = PBXFrameworksBuildPhase;
			buildActionMask = 2147483647;
			files = (
			);
			runOnlyForDeploymentPostprocessing = 0;
		};
/* End PBXFrameworksBuildPhase section */

/* Begin PBXGroup section */
		8BECBD862440BEEE00CD111A = {
			isa = PBXGroup;
			children = (
				8BECBD912440BEEE00CD111A /* CoffeeOrderingApp */,
				8BECBDA82440BEF100CD111A /* CoffeeOrderingAppTests */,
				8BECBDB32440BEF100CD111A /* CoffeeOrderingAppUITests */,
				8BECBD902440BEEE00CD111A /* Products */,
			);
			sourceTree = "<group>";
		};
		8BECBD902440BEEE00CD111A /* Products */ = {
			isa = PBXGroup;
			children = (
				8BECBD8F2440BEEE00CD111A /* CoffeeOrderingApp.app */,
				8BECBDA52440BEF100CD111A /* CoffeeOrderingAppTests.xctest */,
				8BECBDB02440BEF100CD111A /* CoffeeOrderingAppUITests.xctest */,
			);
			name = Products;
			sourceTree = "<group>";
		};
		8BECBD912440BEEE00CD111A /* CoffeeOrderingApp */ = {
			isa = PBXGroup;
			children = (
				8BECBDCD2440C4DF00CD111A /* Views */,
				8BECBDCA2440C29E00CD111A /* ViewModels */,
				8BECBDC72440C05900CD111A /* Services */,
				8BECBDC22440BEF500CD111A /* Models */,
				8BECBD922440BEEE00CD111A /* AppDelegate.swift */,
				8BECBD942440BEEE00CD111A /* SceneDelegate.swift */,
				8BECBD982440BEF100CD111A /* Assets.xcassets */,
				8BECBD9D2440BEF100CD111A /* LaunchScreen.storyboard */,
				8BECBDA02440BEF100CD111A /* Info.plist */,
				8BECBD9A2440BEF100CD111A /* Preview Content */,
			);
			path = CoffeeOrderingApp;
			sourceTree = "<group>";
		};
		8BECBD9A2440BEF100CD111A /* Preview Content */ = {
			isa = PBXGroup;
			children = (
				8BECBD9B2440BEF100CD111A /* Preview Assets.xcassets */,
			);
			path = "Preview Content";
			sourceTree = "<group>";
		};
		8BECBDA82440BEF100CD111A /* CoffeeOrderingAppTests */ = {
			isa = PBXGroup;
			children = (
				8BECBDA92440BEF100CD111A /* CoffeeOrderingAppTests.swift */,
				8BECBDAB2440BEF100CD111A /* Info.plist */,
			);
			path = CoffeeOrderingAppTests;
			sourceTree = "<group>";
		};
		8BECBDB32440BEF100CD111A /* CoffeeOrderingAppUITests */ = {
			isa = PBXGroup;
			children = (
				8BECBDB42440BEF100CD111A /* CoffeeOrderingAppUITests.swift */,
				8BECBDB62440BEF100CD111A /* Info.plist */,
			);
			path = CoffeeOrderingAppUITests;
			sourceTree = "<group>";
		};
		8BECBDC22440BEF500CD111A /* Models */ = {
			isa = PBXGroup;
			children = (
				8BECBDC32440BF0C00CD111A /* Cofee.swift */,
				8BECBDC52440BFD200CD111A /* Order.swift */,
				8BECBDD02440CB2A00CD111A /* CreateOrderResponse.swift */,
			);
			path = Models;
			sourceTree = "<group>";
		};
		8BECBDC72440C05900CD111A /* Services */ = {
			isa = PBXGroup;
			children = (
				8BECBDC82440C07600CD111A /* WebService.swift */,
			);
			path = Services;
			sourceTree = "<group>";
		};
		8BECBDCA2440C29E00CD111A /* ViewModels */ = {
			isa = PBXGroup;
			children = (
				8BECBDCB2440C2B800CD111A /* OrderListViewModel.swift */,
				8BECBDD22440CD8300CD111A /* AddCoffeeOrderViewModel.swift */,
				8BECBDD42440CE3C00CD111A /* CoffeeViewModel.swift */,
			);
			path = ViewModels;
			sourceTree = "<group>";
		};
		8BECBDCD2440C4DF00CD111A /* Views */ = {
			isa = PBXGroup;
			children = (
				8BECBD962440BEEE00CD111A /* ContentView.swift */,
				8BECBDCE2440C52200CD111A /* OrderListView.swift */,
				8BECBDD62440D14100CD111A /* AddCoffeeOrderView.swift */,
				8BECBDD82441005900CD111A /* OrderTotalView.swift */,
				8B12E81924479CFF00E72E77 /* OrderCellView.swift */,
			);
			path = Views;
			sourceTree = "<group>";
		};
/* End PBXGroup section */

/* Begin PBXNativeTarget section */
		8BECBD8E2440BEEE00CD111A /* CoffeeOrderingApp */ = {
			isa = PBXNativeTarget;
			buildConfigurationList = 8BECBDB92440BEF100CD111A /* Build configuration list for PBXNativeTarget "CoffeeOrderingApp" */;
			buildPhases = (
				8BECBD8B2440BEEE00CD111A /* Sources */,
				8BECBD8C2440BEEE00CD111A /* Frameworks */,
				8BECBD8D2440BEEE00CD111A /* Resources */,
			);
			buildRules = (
			);
			dependencies = (
			);
			name = CoffeeOrderingApp;
			productName = CoffeeOrderingApp;
			productReference = 8BECBD8F2440BEEE00CD111A /* CoffeeOrderingApp.app */;
			productType = "com.apple.product-type.application";
		};
		8BECBDA42440BEF100CD111A /* CoffeeOrderingAppTests */ = {
			isa = PBXNativeTarget;
			buildConfigurationList = 8BECBDBC2440BEF100CD111A /* Build configuration list for PBXNativeTarget "CoffeeOrderingAppTests" */;
			buildPhases = (
				8BECBDA12440BEF100CD111A /* Sources */,
				8BECBDA22440BEF100CD111A /* Frameworks */,
				8BECBDA32440BEF100CD111A /* Resources */,
			);
			buildRules = (
			);
			dependencies = (
				8BECBDA72440BEF100CD111A /* PBXTargetDependency */,
			);
			name = CoffeeOrderingAppTests;
			productName = CoffeeOrderingAppTests;
			productReference = 8BECBDA52440BEF100CD111A /* CoffeeOrderingAppTests.xctest */;
			productType = "com.apple.product-type.bundle.unit-test";
		};
		8BECBDAF2440BEF100CD111A /* CoffeeOrderingAppUITests */ = {
			isa = PBXNativeTarget;
			buildConfigurationList = 8BECBDBF2440BEF100CD111A /* Build configuration list for PBXNativeTarget "CoffeeOrderingAppUITests" */;
			buildPhases = (
				8BECBDAC2440BEF100CD111A /* Sources */,
				8BECBDAD2440BEF100CD111A /* Frameworks */,
				8BECBDAE2440BEF100CD111A /* Resources */,
			);
			buildRules = (
			);
			dependencies = (
				8BECBDB22440BEF100CD111A /* PBXTargetDependency */,
			);
			name = CoffeeOrderingAppUITests;
			productName = CoffeeOrderingAppUITests;
			productReference = 8BECBDB02440BEF100CD111A /* CoffeeOrderingAppUITests.xctest */;
			productType = "com.apple.product-type.bundle.ui-testing";
		};
/* End PBXNativeTarget section */

/* Begin PBXProject section */
		8BECBD872440BEEE00CD111A /* Project object */ = {
			isa = PBXProject;
			attributes = {
				LastSwiftUpdateCheck = 1130;
				LastUpgradeCheck = 1130;
				ORGANIZATIONNAME = "Federico Nieto";
				TargetAttributes = {
					8BECBD8E2440BEEE00CD111A = {
						CreatedOnToolsVersion = 11.3.1;
					};
					8BECBDA42440BEF100CD111A = {
						CreatedOnToolsVersion = 11.3.1;
						TestTargetID = 8BECBD8E2440BEEE00CD111A;
					};
					8BECBDAF2440BEF100CD111A = {
						CreatedOnToolsVersion = 11.3.1;
						TestTargetID = 8BECBD8E2440BEEE00CD111A;
					};
				};
			};
			buildConfigurationList = 8BECBD8A2440BEEE00CD111A /* Build configuration list for PBXProject "CoffeeOrderingApp" */;
			compatibilityVersion = "Xcode 9.3";
			developmentRegion = en;
			hasScannedForEncodings = 0;
			knownRegions = (
				en,
				Base,
			);
			mainGroup = 8BECBD862440BEEE00CD111A;
			productRefGroup = 8BECBD902440BEEE00CD111A /* Products */;
			projectDirPath = "";
			projectRoot = "";
			targets = (
				8BECBD8E2440BEEE00CD111A /* CoffeeOrderingApp */,
				8BECBDA42440BEF100CD111A /* CoffeeOrderingAppTests */,
				8BECBDAF2440BEF100CD111A /* CoffeeOrderingAppUITests */,
			);
		};
/* End PBXProject section */

/* Begin PBXResourcesBuildPhase section */
		8BECBD8D2440BEEE00CD111A /* Resources */ = {
			isa = PBXResourcesBuildPhase;
			buildActionMask = 2147483647;
			files = (
				8BECBD9F2440BEF100CD111A /* LaunchScreen.storyboard in Resources */,
				8BECBD9C2440BEF100CD111A /* Preview Assets.xcassets in Resources */,
				8BECBD992440BEF100CD111A /* Assets.xcassets in Resources */,
			);
			runOnlyForDeploymentPostprocessing = 0;
		};
		8BECBDA32440BEF100CD111A /* Resources */ = {
			isa = PBXResourcesBuildPhase;
			buildActionMask = 2147483647;
			files = (
			);
			runOnlyForDeploymentPostprocessing = 0;
		};
		8BECBDAE2440BEF100CD111A /* Resources */ = {
			isa = PBXResourcesBuildPhase;
			buildActionMask = 2147483647;
			files = (
			);
			runOnlyForDeploymentPostprocessing = 0;
		};
/* End PBXResourcesBuildPhase section */

/* Begin PBXSourcesBuildPhase section */
		8BECBD8B2440BEEE00CD111A /* Sources */ = {
			isa = PBXSourcesBuildPhase;
			buildActionMask = 2147483647;
			files = (
				8BECBDC92440C07600CD111A /* WebService.swift in Sources */,
				8B12E81A24479CFF00E72E77 /* OrderCellView.swift in Sources */,
				8BECBDCF2440C52200CD111A /* OrderListView.swift in Sources */,
				8BECBDD12440CB2A00CD111A /* CreateOrderResponse.swift in Sources */,
				8BECBDD72440D14100CD111A /* AddCoffeeOrderView.swift in Sources */,
				8BECBDC42440BF0C00CD111A /* Cofee.swift in Sources */,
				8BECBDD92441005900CD111A /* OrderTotalView.swift in Sources */,
				8BECBD932440BEEE00CD111A /* AppDelegate.swift in Sources */,
				8BECBDD52440CE3C00CD111A /* CoffeeViewModel.swift in Sources */,
				8BECBDC62440BFD200CD111A /* Order.swift in Sources */,
				8BECBDD32440CD8300CD111A /* AddCoffeeOrderViewModel.swift in Sources */,
				8BECBDCC2440C2B800CD111A /* OrderListViewModel.swift in Sources */,
				8BECBD952440BEEE00CD111A /* SceneDelegate.swift in Sources */,
				8BECBD972440BEEE00CD111A /* ContentView.swift in Sources */,
			);
			runOnlyForDeploymentPostprocessing = 0;
		};
		8BECBDA12440BEF100CD111A /* Sources */ = {
			isa = PBXSourcesBuildPhase;
			buildActionMask = 2147483647;
			files = (
				8BECBDAA2440BEF100CD111A /* CoffeeOrderingAppTests.swift in Sources */,
			);
			runOnlyForDeploymentPostprocessing = 0;
		};
		8BECBDAC2440BEF100CD111A /* Sources */ = {
			isa = PBXSourcesBuildPhase;
			buildActionMask = 2147483647;
			files = (
				8BECBDB52440BEF100CD111A /* CoffeeOrderingAppUITests.swift in Sources */,
			);
			runOnlyForDeploymentPostprocessing = 0;
		};
/* End PBXSourcesBuildPhase section */

/* Begin PBXTargetDependency section */
		8BECBDA72440BEF100CD111A /* PBXTargetDependency */ = {
			isa = PBXTargetDependency;
			target = 8BECBD8E2440BEEE00CD111A /* CoffeeOrderingApp */;
			targetProxy = 8BECBDA62440BEF100CD111A /* PBXContainerItemProxy */;
		};
		8BECBDB22440BEF100CD111A /* PBXTargetDependency */ = {
			isa = PBXTargetDependency;
			target = 8BECBD8E2440BEEE00CD111A /* CoffeeOrderingApp */;
			targetProxy = 8BECBDB12440BEF100CD111A /* PBXContainerItemProxy */;
		};
/* End PBXTargetDependency section */

/* Begin PBXVariantGroup section */
		8BECBD9D2440BEF100CD111A /* LaunchScreen.storyboard */ = {
			isa = PBXVariantGroup;
			children = (
				8BECBD9E2440BEF100CD111A /* Base */,
			);
			name = LaunchScreen.storyboard;
			sourceTree = "<group>";
		};
/* End PBXVariantGroup section */

/* Begin XCBuildConfiguration section */
		8BECBDB72440BEF100CD111A /* Debug */ = {
			isa = XCBuildConfiguration;
			buildSettings = {
				ALWAYS_SEARCH_USER_PATHS = NO;
				CLANG_ANALYZER_NONNULL = YES;
				CLANG_ANALYZER_NUMBER_OBJECT_CONVERSION = YES_AGGRESSIVE;
				CLANG_CXX_LANGUAGE_STANDARD = "gnu++14";
				CLANG_CXX_LIBRARY = "libc++";
				CLANG_ENABLE_MODULES = YES;
				CLANG_ENABLE_OBJC_ARC = YES;
				CLANG_ENABLE_OBJC_WEAK = YES;
				CLANG_WARN_BLOCK_CAPTURE_AUTORELEASING = YES;
				CLANG_WARN_BOOL_CONVERSION = YES;
				CLANG_WARN_COMMA = YES;
				CLANG_WARN_CONSTANT_CONVERSION = YES;
				CLANG_WARN_DEPRECATED_OBJC_IMPLEMENTATIONS = YES;
				CLANG_WARN_DIRECT_OBJC_ISA_USAGE = YES_ERROR;
				CLANG_WARN_DOCUMENTATION_COMMENTS = YES;
				CLANG_WARN_EMPTY_BODY = YES;
				CLANG_WARN_ENUM_CONVERSION = YES;
				CLANG_WARN_INFINITE_RECURSION = YES;
				CLANG_WARN_INT_CONVERSION = YES;
				CLANG_WARN_NON_LITERAL_NULL_CONVERSION = YES;
				CLANG_WARN_OBJC_IMPLICIT_RETAIN_SELF = YES;
				CLANG_WARN_OBJC_LITERAL_CONVERSION = YES;
				CLANG_WARN_OBJC_ROOT_CLASS = YES_ERROR;
				CLANG_WARN_RANGE_LOOP_ANALYSIS = YES;
				CLANG_WARN_STRICT_PROTOTYPES = YES;
				CLANG_WARN_SUSPICIOUS_MOVE = YES;
				CLANG_WARN_UNGUARDED_AVAILABILITY = YES_AGGRESSIVE;
				CLANG_WARN_UNREACHABLE_CODE = YES;
				CLANG_WARN__DUPLICATE_METHOD_MATCH = YES;
				COPY_PHASE_STRIP = NO;
				DEBUG_INFORMATION_FORMAT = dwarf;
				ENABLE_STRICT_OBJC_MSGSEND = YES;
				ENABLE_TESTABILITY = YES;
				GCC_C_LANGUAGE_STANDARD = gnu11;
				GCC_DYNAMIC_NO_PIC = NO;
				GCC_NO_COMMON_BLOCKS = YES;
				GCC_OPTIMIZATION_LEVEL = 0;
				GCC_PREPROCESSOR_DEFINITIONS = (
					"DEBUG=1",
					"$(inherited)",
				);
				GCC_WARN_64_TO_32_BIT_CONVERSION = YES;
				GCC_WARN_ABOUT_RETURN_TYPE = YES_ERROR;
				GCC_WARN_UNDECLARED_SELECTOR = YES;
				GCC_WARN_UNINITIALIZED_AUTOS = YES_AGGRESSIVE;
				GCC_WARN_UNUSED_FUNCTION = YES;
				GCC_WARN_UNUSED_VARIABLE = YES;
				IPHONEOS_DEPLOYMENT_TARGET = 13.2;
				MTL_ENABLE_DEBUG_INFO = INCLUDE_SOURCE;
				MTL_FAST_MATH = YES;
				ONLY_ACTIVE_ARCH = YES;
				SDKROOT = iphoneos;
				SWIFT_ACTIVE_COMPILATION_CONDITIONS = DEBUG;
				SWIFT_OPTIMIZATION_LEVEL = "-Onone";
			};
			name = Debug;
		};
		8BECBDB82440BEF100CD111A /* Release */ = {
			isa = XCBuildConfiguration;
			buildSettings = {
				ALWAYS_SEARCH_USER_PATHS = NO;
				CLANG_ANALYZER_NONNULL = YES;
				CLANG_ANALYZER_NUMBER_OBJECT_CONVERSION = YES_AGGRESSIVE;
				CLANG_CXX_LANGUAGE_STANDARD = "gnu++14";
				CLANG_CXX_LIBRARY = "libc++";
				CLANG_ENABLE_MODULES = YES;
				CLANG_ENABLE_OBJC_ARC = YES;
				CLANG_ENABLE_OBJC_WEAK = YES;
				CLANG_WARN_BLOCK_CAPTURE_AUTORELEASING = YES;
				CLANG_WARN_BOOL_CONVERSION = YES;
				CLANG_WARN_COMMA = YES;
				CLANG_WARN_CONSTANT_CONVERSION = YES;
				CLANG_WARN_DEPRECATED_OBJC_IMPLEMENTATIONS = YES;
				CLANG_WARN_DIRECT_OBJC_ISA_USAGE = YES_ERROR;
				CLANG_WARN_DOCUMENTATION_COMMENTS = YES;
				CLANG_WARN_EMPTY_BODY = YES;
				CLANG_WARN_ENUM_CONVERSION = YES;
				CLANG_WARN_INFINITE_RECURSION = YES;
				CLANG_WARN_INT_CONVERSION = YES;
				CLANG_WARN_NON_LITERAL_NULL_CONVERSION = YES;
				CLANG_WARN_OBJC_IMPLICIT_RETAIN_SELF = YES;
				CLANG_WARN_OBJC_LITERAL_CONVERSION = YES;
				CLANG_WARN_OBJC_ROOT_CLASS = YES_ERROR;
				CLANG_WARN_RANGE_LOOP_ANALYSIS = YES;
				CLANG_WARN_STRICT_PROTOTYPES = YES;
				CLANG_WARN_SUSPICIOUS_MOVE = YES;
				CLANG_WARN_UNGUARDED_AVAILABILITY = YES_AGGRESSIVE;
				CLANG_WARN_UNREACHABLE_CODE = YES;
				CLANG_WARN__DUPLICATE_METHOD_MATCH = YES;
				COPY_PHASE_STRIP = NO;
				DEBUG_INFORMATION_FORMAT = "dwarf-with-dsym";
				ENABLE_NS_ASSERTIONS = NO;
				ENABLE_STRICT_OBJC_MSGSEND = YES;
				GCC_C_LANGUAGE_STANDARD = gnu11;
				GCC_NO_COMMON_BLOCKS = YES;
				GCC_WARN_64_TO_32_BIT_CONVERSION = YES;
				GCC_WARN_ABOUT_RETURN_TYPE = YES_ERROR;
				GCC_WARN_UNDECLARED_SELECTOR = YES;
				GCC_WARN_UNINITIALIZED_AUTOS = YES_AGGRESSIVE;
				GCC_WARN_UNUSED_FUNCTION = YES;
				GCC_WARN_UNUSED_VARIABLE = YES;
				IPHONEOS_DEPLOYMENT_TARGET = 13.2;
				MTL_ENABLE_DEBUG_INFO = NO;
				MTL_FAST_MATH = YES;
				SDKROOT = iphoneos;
				SWIFT_COMPILATION_MODE = wholemodule;
				SWIFT_OPTIMIZATION_LEVEL = "-O";
				VALIDATE_PRODUCT = YES;
			};
			name = Release;
		};
		8BECBDBA2440BEF100CD111A /* Debug */ = {
			isa = XCBuildConfiguration;
			buildSettings = {
				ASSETCATALOG_COMPILER_APPICON_NAME = AppIcon;
				CODE_SIGN_STYLE = Automatic;
				DEVELOPMENT_ASSET_PATHS = "\"CoffeeOrderingApp/Preview Content\"";
				DEVELOPMENT_TEAM = UPF8Q47HPZ;
				ENABLE_PREVIEWS = YES;
				INFOPLIST_FILE = CoffeeOrderingApp/Info.plist;
				LD_RUNPATH_SEARCH_PATHS = (
					"$(inherited)",
					"@executable_path/Frameworks",
				);
				PRODUCT_BUNDLE_IDENTIFIER = com.fede.swiftUI.course.CoffeeOrderingApp;
				PRODUCT_NAME = "$(TARGET_NAME)";
				SWIFT_VERSION = 5.0;
				TARGETED_DEVICE_FAMILY = "1,2";
			};
			name = Debug;
		};
		8BECBDBB2440BEF100CD111A /* Release */ = {
			isa = XCBuildConfiguration;
			buildSettings = {
				ASSETCATALOG_COMPILER_APPICON_NAME = AppIcon;
				CODE_SIGN_STYLE = Automatic;
				DEVELOPMENT_ASSET_PATHS = "\"CoffeeOrderingApp/Preview Content\"";
				DEVELOPMENT_TEAM = UPF8Q47HPZ;
				ENABLE_PREVIEWS = YES;
				INFOPLIST_FILE = CoffeeOrderingApp/Info.plist;
				LD_RUNPATH_SEARCH_PATHS = (
					"$(inherited)",
					"@executable_path/Frameworks",
				);
				PRODUCT_BUNDLE_IDENTIFIER = com.fede.swiftUI.course.CoffeeOrderingApp;
				PRODUCT_NAME = "$(TARGET_NAME)";
				SWIFT_VERSION = 5.0;
				TARGETED_DEVICE_FAMILY = "1,2";
			};
			name = Release;
		};
		8BECBDBD2440BEF100CD111A /* Debug */ = {
			isa = XCBuildConfiguration;
			buildSettings = {
				ALWAYS_EMBED_SWIFT_STANDARD_LIBRARIES = YES;
				BUNDLE_LOADER = "$(TEST_HOST)";
				CODE_SIGN_STYLE = Automatic;
				DEVELOPMENT_TEAM = UPF8Q47HPZ;
				INFOPLIST_FILE = CoffeeOrderingAppTests/Info.plist;
				IPHONEOS_DEPLOYMENT_TARGET = 13.2;
				LD_RUNPATH_SEARCH_PATHS = (
					"$(inherited)",
					"@executable_path/Frameworks",
					"@loader_path/Frameworks",
				);
				PRODUCT_BUNDLE_IDENTIFIER = com.fede.swiftUI.course.CoffeeOrderingAppTests;
				PRODUCT_NAME = "$(TARGET_NAME)";
				SWIFT_VERSION = 5.0;
				TARGETED_DEVICE_FAMILY = "1,2";
				TEST_HOST = "$(BUILT_PRODUCTS_DIR)/CoffeeOrderingApp.app/CoffeeOrderingApp";
			};
			name = Debug;
		};
		8BECBDBE2440BEF100CD111A /* Release */ = {
			isa = XCBuildConfiguration;
			buildSettings = {
				ALWAYS_EMBED_SWIFT_STANDARD_LIBRARIES = YES;
				BUNDLE_LOADER = "$(TEST_HOST)";
				CODE_SIGN_STYLE = Automatic;
				DEVELOPMENT_TEAM = UPF8Q47HPZ;
				INFOPLIST_FILE = CoffeeOrderingAppTests/Info.plist;
				IPHONEOS_DEPLOYMENT_TARGET = 13.2;
				LD_RUNPATH_SEARCH_PATHS = (
					"$(inherited)",
					"@executable_path/Frameworks",
					"@loader_path/Frameworks",
				);
				PRODUCT_BUNDLE_IDENTIFIER = com.fede.swiftUI.course.CoffeeOrderingAppTests;
				PRODUCT_NAME = "$(TARGET_NAME)";
				SWIFT_VERSION = 5.0;
				TARGETED_DEVICE_FAMILY = "1,2";
				TEST_HOST = "$(BUILT_PRODUCTS_DIR)/CoffeeOrderingApp.app/CoffeeOrderingApp";
			};
			name = Release;
		};
		8BECBDC02440BEF100CD111A /* Debug */ = {
			isa = XCBuildConfiguration;
			buildSettings = {
				ALWAYS_EMBED_SWIFT_STANDARD_LIBRARIES = YES;
				CODE_SIGN_STYLE = Automatic;
				DEVELOPMENT_TEAM = UPF8Q47HPZ;
				INFOPLIST_FILE = CoffeeOrderingAppUITests/Info.plist;
				LD_RUNPATH_SEARCH_PATHS = (
					"$(inherited)",
					"@executable_path/Frameworks",
					"@loader_path/Frameworks",
				);
				PRODUCT_BUNDLE_IDENTIFIER = com.fede.swiftUI.course.CoffeeOrderingAppUITests;
				PRODUCT_NAME = "$(TARGET_NAME)";
				SWIFT_VERSION = 5.0;
				TARGETED_DEVICE_FAMILY = "1,2";
				TEST_TARGET_NAME = CoffeeOrderingApp;
			};
			name = Debug;
		};
		8BECBDC12440BEF100CD111A /* Release */ = {
			isa = XCBuildConfiguration;
			buildSettings = {
				ALWAYS_EMBED_SWIFT_STANDARD_LIBRARIES = YES;
				CODE_SIGN_STYLE = Automatic;
				DEVELOPMENT_TEAM = UPF8Q47HPZ;
				INFOPLIST_FILE = CoffeeOrderingAppUITests/Info.plist;
				LD_RUNPATH_SEARCH_PATHS = (
					"$(inherited)",
					"@executable_path/Frameworks",
					"@loader_path/Frameworks",
				);
				PRODUCT_BUNDLE_IDENTIFIER = com.fede.swiftUI.course.CoffeeOrderingAppUITests;
				PRODUCT_NAME = "$(TARGET_NAME)";
				SWIFT_VERSION = 5.0;
				TARGETED_DEVICE_FAMILY = "1,2";
				TEST_TARGET_NAME = CoffeeOrderingApp;
			};
			name = Release;
		};
/* End XCBuildConfiguration section */

/* Begin XCConfigurationList section */
		8BECBD8A2440BEEE00CD111A /* Build configuration list for PBXProject "CoffeeOrderingApp" */ = {
			isa = XCConfigurationList;
			buildConfigurations = (
				8BECBDB72440BEF100CD111A /* Debug */,
				8BECBDB82440BEF100CD111A /* Release */,
			);
			defaultConfigurationIsVisible = 0;
			defaultConfigurationName = Release;
		};
		8BECBDB92440BEF100CD111A /* Build configuration list for PBXNativeTarget "CoffeeOrderingApp" */ = {
			isa = XCConfigurationList;
			buildConfigurations = (
				8BECBDBA2440BEF100CD111A /* Debug */,
				8BECBDBB2440BEF100CD111A /* Release */,
			);
			defaultConfigurationIsVisible = 0;
			defaultConfigurationName = Release;
		};
		8BECBDBC2440BEF100CD111A /* Build configuration list for PBXNativeTarget "CoffeeOrderingAppTests" */ = {
			isa = XCConfigurationList;
			buildConfigurations = (
				8BECBDBD2440BEF100CD111A /* Debug */,
				8BECBDBE2440BEF100CD111A /* Release */,
			);
			defaultConfigurationIsVisible = 0;
			defaultConfigurationName = Release;
		};
		8BECBDBF2440BEF100CD111A /* Build configuration list for PBXNativeTarget "CoffeeOrderingAppUITests" */ = {
			isa = XCConfigurationList;
			buildConfigurations = (
				8BECBDC02440BEF100CD111A /* Debug */,
				8BECBDC12440BEF100CD111A /* Release */,
			);
			defaultConfigurationIsVisible = 0;
			defaultConfigurationName = Release;
		};
/* End XCConfigurationList section */
	};
	rootObject = 8BECBD872440BEEE00CD111A /* Project object */;
}
